<?xml version="1.0" encoding="utf-8"?>
<Project ToolsVersion="4.0" xmlns="http://schemas.microsoft.com/developer/msbuild/2003">
  <ItemGroup>
    <Text Include="ReadMe.txt" />
  </ItemGroup>
  <ItemGroup>
    <Filter Include="src">
      <UniqueIdentifier>{fcb66e84-58d6-44d7-ac49-00499d92ea20}</UniqueIdentifier>
    </Filter>
    <Filter Include="vr">
      <UniqueIdentifier>{d44e37af-d60f-4b05-8eed-9a42e9efa2ff}</UniqueIdentifier>
    </Filter>
    <Filter Include="battle">
      <UniqueIdentifier>{8bea14c8-54d8-458a-afad-6fcbc8f06fce}</UniqueIdentifier>
    </Filter>
    <Filter Include="match">
      <UniqueIdentifier>{ee9d0098-27f8-423c-842b-c257fc9b77dd}</UniqueIdentifier>
    </Filter>
    <Filter Include="ztools">
      <UniqueIdentifier>{2d7642a7-728a-4622-a301-808c2ec82a19}</UniqueIdentifier>
    </Filter>
    <Filter Include="proto">
      <UniqueIdentifier>{6a02f1ba-4533-4076-8faa-cb14cef32d5d}</UniqueIdentifier>
    </Filter>
    <Filter Include="player">
      <UniqueIdentifier>{aa92e896-f7af-47c4-b00a-70f8b0d8a75d}</UniqueIdentifier>
    </Filter>
  </ItemGroup>
  <ItemGroup>
    <ClCompile Include="src\main.cpp">
      <Filter>src</Filter>
    </ClCompile>
    <ClCompile Include="src\ManageBattleSession.cpp">
      <Filter>battle</Filter>
    </ClCompile>
    <ClCompile Include="src\ManageVrSession.cpp">
      <Filter>vr</Filter>
    </ClCompile>
    <ClCompile Include="src\ManageMatch.cpp">
      <Filter>match</Filter>
    </ClCompile>
    <ClCompile Include="..\battle_server\tools\Singleton.cpp">
      <Filter>ztools</Filter>
    </ClCompile>
    <ClCompile Include="..\battle_server\tools\ManageSingleton.cpp">
      <Filter>ztools</Filter>
    </ClCompile>
    <ClCompile Include="src\TrConfig.cpp">
      <Filter>src</Filter>
    </ClCompile>
    <ClCompile Include="..\battle_server\tools\MessagePump.cpp">
      <Filter>ztools</Filter>
    </ClCompile>
    <ClCompile Include="..\battle_server\tools\MessagePumpImp.cpp">
      <Filter>ztools</Filter>
    </ClCompile>
    <ClCompile Include="..\battle_server\tools\Packet.cpp">
      <Filter>ztools</Filter>
    </ClCompile>
    <ClCompile Include="..\battle_server\tools\Packet_.cpp">
      <Filter>ztools</Filter>
    </ClCompile>
    <ClCompile Include="..\battle_server\tools\PacketHandle.cpp">
      <Filter>ztools</Filter>
    </ClCompile>
    <ClCompile Include="src\MatchCell.cpp">
      <Filter>match</Filter>
    </ClCompile>
    <ClCompile Include="src\MessageMaker.cpp">
      <Filter>src</Filter>
    </ClCompile>
    <ClCompile Include="src\MatchQueue.cpp">
      <Filter>match</Filter>
    </ClCompile>
    <ClCompile Include="..\battle_server\protocol\inter_proto.pb.cc">
      <Filter>proto</Filter>
    </ClCompile>
    <ClCompile Include="src\PlayerTrInfo.cpp">
      <Filter>player</Filter>
    </ClCompile>
    <ClCompile Include="src\ManagePlayerTrInfo.cpp">
      <Filter>player</Filter>
    </ClCompile>
    <ClCompile Include="..\battle_server\src\Redirect.cpp">
      <Filter>ztools</Filter>
    </ClCompile>
    <ClCompile Include="src\MatchBattle.cpp">
      <Filter>match</Filter>
    </ClCompile>
  </ItemGroup>
  <ItemGroup>
    <ClInclude Include="src\ManageBattleSession.h">
      <Filter>battle</Filter>
    </ClInclude>
    <ClInclude Include="src\ManageVrSession.h">
      <Filter>vr</Filter>
    </ClInclude>
    <ClInclude Include="src\ManageMatch.h">
      <Filter>match</Filter>
    </ClInclude>
    <ClInclude Include="..\battle_server\tools\ManageSingleton.h">
      <Filter>ztools</Filter>
    </ClInclude>
    <ClInclude Include="..\battle_server\tools\Singleton.h">
      <Filter>ztools</Filter>
    </ClInclude>
    <ClInclude Include="src\TrConfig.h">
      <Filter>src</Filter>
    </ClInclude>
    <ClInclude Include="..\battle_server\tools\Handle.h">
      <Filter>ztools</Filter>
    </ClInclude>
    <ClInclude Include="..\battle_server\tools\MessagePump.h">
      <Filter>ztools</Filter>
    </ClInclude>
    <ClInclude Include="..\battle_server\tools\MessagePumpImp.h">
      <Filter>ztools</Filter>
    </ClInclude>
    <ClInclude Include="..\battle_server\tools\MyGuidDef.h">
      <Filter>ztools</Filter>
    </ClInclude>
    <ClInclude Include="..\battle_server\tools\Packet.h">
      <Filter>ztools</Filter>
    </ClInclude>
    <ClInclude Include="..\battle_server\tools\Packet_.h">
      <Filter>ztools</Filter>
    </ClInclude>
    <ClInclude Include="..\battle_server\tools\PacketHandle.h">
      <Filter>ztools</Filter>
    </ClInclude>
    <ClInclude Include="src\MatchCell.h">
      <Filter>match</Filter>
    </ClInclude>
    <ClInclude Include="src\MessageMaker.h">
      <Filter>src</Filter>
    </ClInclude>
    <ClInclude Include="..\battle_server\tools\ManageState.h">
      <Filter>ztools</Filter>
    </ClInclude>
    <ClInclude Include="src\MatchQueue.h">
      <Filter>match</Filter>
    </ClInclude>
    <ClInclude Include="..\battle_server\protocol\inter_proto.pb.h">
      <Filter>proto</Filter>
    </ClInclude>
    <ClInclude Include="src\PlayerTrInfo.h">
      <Filter>player</Filter>
    </ClInclude>
    <ClInclude Include="src\ManagePlayerTrInfo.h">
      <Filter>player</Filter>
    </ClInclude>
    <ClInclude Include="..\battle_server\src\Redirect.h">
      <Filter>ztools</Filter>
    </ClInclude>
    <ClInclude Include="src\MatchBattle.h">
      <Filter>match</Filter>
    </ClInclude>
  </ItemGroup>
</Project>