<?xml version="1.0" encoding="utf-8"?>
<Project ToolsVersion="4.0" xmlns="http://schemas.microsoft.com/developer/msbuild/2003">
  <ItemGroup>
    <Filter Include="src">
      <UniqueIdentifier>{4FC737F1-C7A5-4376-A066-2A32D752A2FF}</UniqueIdentifier>
      <Extensions>cpp;c;cc;cxx;def;odl;idl;hpj;bat;asm;asmx</Extensions>
    </Filter>
    <Filter Include="tools">
      <UniqueIdentifier>{79615587-a947-4731-9c4a-119f506ecd90}</UniqueIdentifier>
    </Filter>
    <Filter Include="client">
      <UniqueIdentifier>{8a19a561-a223-4d6a-9ff7-1a2b41d8e8d0}</UniqueIdentifier>
    </Filter>
    <Filter Include="protocol">
      <UniqueIdentifier>{6938d346-774e-4805-9722-ef2484810ad7}</UniqueIdentifier>
    </Filter>
    <Filter Include="vrpublic">
      <UniqueIdentifier>{9f75926d-34f9-424f-847f-1856761d88e5}</UniqueIdentifier>
    </Filter>
    <Filter Include="Model">
      <UniqueIdentifier>{acb11153-dff2-4f38-b09c-ad9f29f179d5}</UniqueIdentifier>
    </Filter>
    <Filter Include="tr">
      <UniqueIdentifier>{30896d17-d172-4297-a70e-624f76a1d096}</UniqueIdentifier>
    </Filter>
    <Filter Include="Manager">
      <UniqueIdentifier>{6ca30c3d-637e-4896-9b79-b0c64fd34143}</UniqueIdentifier>
    </Filter>
    <Filter Include="Base">
      <UniqueIdentifier>{878a1d30-4b50-4e43-9458-9fea1f2b7993}</UniqueIdentifier>
    </Filter>
    <Filter Include="friend">
      <UniqueIdentifier>{28101a27-7040-459c-a4fc-ed6d3b16c7b0}</UniqueIdentifier>
    </Filter>
    <Filter Include="proto">
      <UniqueIdentifier>{68b8278f-c43e-49ed-9973-f7ed8a72eb4b}</UniqueIdentifier>
    </Filter>
    <Filter Include="pump">
      <UniqueIdentifier>{5a3bb851-50e4-47fb-bccf-0cfaca54909e}</UniqueIdentifier>
    </Filter>
  </ItemGroup>
  <ItemGroup>
    <Text Include="ReadMe.txt" />
  </ItemGroup>
  <ItemGroup>
    <ClCompile Include="src\vr.cpp">
      <Filter>src</Filter>
    </ClCompile>
    <ClCompile Include="..\battle_server\src\StatCount.cpp">
      <Filter>tools</Filter>
    </ClCompile>
    <ClCompile Include="..\battle_server\src\StatTime.cpp">
      <Filter>tools</Filter>
    </ClCompile>
    <ClCompile Include="..\battle_server\src\PackMsg.cpp">
      <Filter>tools</Filter>
    </ClCompile>
    <ClCompile Include="..\battle_server\src\Redirect.cpp">
      <Filter>tools</Filter>
    </ClCompile>
    <ClCompile Include="..\battle_server\tools\Packet_.cpp">
      <Filter>tools</Filter>
    </ClCompile>
    <ClCompile Include="src\ClientMessageManager.cpp">
      <Filter>client</Filter>
    </ClCompile>
    <ClCompile Include="src\ManagerClientSession.cpp">
      <Filter>client</Filter>
    </ClCompile>
    <ClCompile Include="src\ManageClientPacket.cpp">
      <Filter>client</Filter>
    </ClCompile>
    <ClCompile Include="src\VrConfig.cpp">
      <Filter>src</Filter>
    </ClCompile>
    <ClCompile Include="src\ManageVrpublicSession.cpp">
      <Filter>vrpublic</Filter>
    </ClCompile>
    <ClCompile Include="src\ManageVrpublicMessage.cpp">
      <Filter>vrpublic</Filter>
    </ClCompile>
    <ClCompile Include="src\ManageVrpublicPacket.cpp">
      <Filter>vrpublic</Filter>
    </ClCompile>
    <ClCompile Include="src\MessageMaker.cpp">
      <Filter>src</Filter>
    </ClCompile>
    <ClCompile Include="src\Account.cpp">
      <Filter>Model</Filter>
    </ClCompile>
    <ClCompile Include="src\Summoner.cpp">
      <Filter>Model</Filter>
    </ClCompile>
    <ClCompile Include="..\battle_server\tools\MessagePump.cpp">
      <Filter>tools</Filter>
    </ClCompile>
    <ClCompile Include="..\battle_server\tools\PacketHandle.cpp">
      <Filter>tools</Filter>
    </ClCompile>
    <ClCompile Include="src\ManageTrSession.cpp">
      <Filter>tr</Filter>
    </ClCompile>
    <ClCompile Include="src\ManageAccount.cpp">
      <Filter>Manager</Filter>
    </ClCompile>
    <ClCompile Include="src\ManageDB.cpp">
      <Filter>Manager</Filter>
    </ClCompile>
    <ClCompile Include="src\ManageSummoner.cpp">
      <Filter>Manager</Filter>
    </ClCompile>
    <ClCompile Include="..\guidsys\inc\MakeGuid.cpp">
      <Filter>src</Filter>
    </ClCompile>
    <ClCompile Include="src\BaseFunc.cpp">
      <Filter>Base</Filter>
    </ClCompile>
    <ClCompile Include="src\ManageFriendSession.cpp">
      <Filter>friend</Filter>
    </ClCompile>
    <ClCompile Include="..\battle_server\tools\ManageSingleton.cpp">
      <Filter>tools</Filter>
    </ClCompile>
    <ClCompile Include="..\battle_server\tools\Singleton.cpp">
      <Filter>tools</Filter>
    </ClCompile>
    <ClCompile Include="..\battle_server\protocol\inter_proto.pb.cc">
      <Filter>proto</Filter>
    </ClCompile>
    <ClCompile Include="..\deps\entity\entity\vr\account.pb.cc">
      <Filter>proto</Filter>
    </ClCompile>
    <ClCompile Include="..\deps\entity\entity\vr\cache_auto_assistant.cpp">
      <Filter>proto</Filter>
    </ClCompile>
    <ClCompile Include="src\ManageClientMsgPump.cpp">
      <Filter>pump</Filter>
    </ClCompile>
    <ClCompile Include="src\ManageVrpublicMsgPump.cpp">
      <Filter>pump</Filter>
    </ClCompile>
    <ClCompile Include="src\ManageTrMsgPump.cpp">
      <Filter>pump</Filter>
    </ClCompile>
    <ClCompile Include="src\ManageFriendMsgPump.cpp">
      <Filter>pump</Filter>
    </ClCompile>
    <ClCompile Include="..\battle_server\tools\ManageDbPing.cpp">
      <Filter>tools</Filter>
    </ClCompile>
  </ItemGroup>
  <ItemGroup>
    <ClInclude Include="..\battle_server\src\Redirect.h">
      <Filter>tools</Filter>
    </ClInclude>
    <ClInclude Include="..\battle_server\src\StatCount.h">
      <Filter>tools</Filter>
    </ClInclude>
    <ClInclude Include="..\battle_server\src\StatTime.h">
      <Filter>tools</Filter>
    </ClInclude>
    <ClInclude Include="..\battle_server\src\PackMsg.h">
      <Filter>tools</Filter>
    </ClInclude>
    <ClInclude Include="..\battle_server\tools\Packet_.h">
      <Filter>tools</Filter>
    </ClInclude>
    <ClInclude Include="..\battle_server\tools\Handle.h">
      <Filter>tools</Filter>
    </ClInclude>
    <ClInclude Include="src\ClientMessageManager.h">
      <Filter>client</Filter>
    </ClInclude>
    <ClInclude Include="src\ManagerClientSession.h">
      <Filter>client</Filter>
    </ClInclude>
    <ClInclude Include="src\ManageClientPacket.h">
      <Filter>client</Filter>
    </ClInclude>
    <ClInclude Include="..\battle_server\protocol\framesync_generated.h">
      <Filter>protocol</Filter>
    </ClInclude>
    <ClInclude Include="..\battle_server\protocol\lobby_generated.h">
      <Filter>protocol</Filter>
    </ClInclude>
    <ClInclude Include="..\battle_server\protocol\protocol_generated.h">
      <Filter>protocol</Filter>
    </ClInclude>
    <ClInclude Include="..\battle_server\protocol\common_generated.h">
      <Filter>protocol</Filter>
    </ClInclude>
    <ClInclude Include="..\battle_server\protocol\framecmd_c2c_generated.h">
      <Filter>protocol</Filter>
    </ClInclude>
    <ClInclude Include="..\battle_server\protocol\framecmd_c2s_generated.h">
      <Filter>protocol</Filter>
    </ClInclude>
    <ClInclude Include="src\VrConfig.h">
      <Filter>src</Filter>
    </ClInclude>
    <ClInclude Include="src\ManageVrpublicSession.h">
      <Filter>vrpublic</Filter>
    </ClInclude>
    <ClInclude Include="src\ManageVrpublicMessage.h">
      <Filter>vrpublic</Filter>
    </ClInclude>
    <ClInclude Include="src\ManageVrpublicPacket.h">
      <Filter>vrpublic</Filter>
    </ClInclude>
    <ClInclude Include="src\MessageMaker.h">
      <Filter>src</Filter>
    </ClInclude>
    <ClInclude Include="src\Account.h">
      <Filter>Model</Filter>
    </ClInclude>
    <ClInclude Include="src\Summoner.h">
      <Filter>Model</Filter>
    </ClInclude>
    <ClInclude Include="..\battle_server\tools\MessagePump.h">
      <Filter>tools</Filter>
    </ClInclude>
    <ClInclude Include="..\battle_server\tools\PacketHandle.h">
      <Filter>tools</Filter>
    </ClInclude>
    <ClInclude Include="src\ManageTrSession.h">
      <Filter>tr</Filter>
    </ClInclude>
    <ClInclude Include="src\ManageDB.h">
      <Filter>Manager</Filter>
    </ClInclude>
    <ClInclude Include="src\ManageSummoner.h">
      <Filter>Manager</Filter>
    </ClInclude>
    <ClInclude Include="src\ManageAccount.h">
      <Filter>Manager</Filter>
    </ClInclude>
    <ClInclude Include="..\guidsys\inc\MakeGuid.h">
      <Filter>src</Filter>
    </ClInclude>
    <ClInclude Include="src\BaseFunc.h">
      <Filter>Base</Filter>
    </ClInclude>
    <ClInclude Include="src\ManageFriendSession.h">
      <Filter>friend</Filter>
    </ClInclude>
    <ClInclude Include="..\battle_server\tools\ManageSingleton.h">
      <Filter>tools</Filter>
    </ClInclude>
    <ClInclude Include="..\battle_server\tools\Singleton.h">
      <Filter>tools</Filter>
    </ClInclude>
    <ClInclude Include="src\common_define.h">
      <Filter>src</Filter>
    </ClInclude>
    <ClInclude Include="..\battle_server\protocol\inter_proto.pb.h">
      <Filter>proto</Filter>
    </ClInclude>
    <ClInclude Include="..\deps\entity\entity\vr\account.pb.h">
      <Filter>proto</Filter>
    </ClInclude>
    <ClInclude Include="..\deps\entity\entity\vr\cache_auto_assistant.h">
      <Filter>proto</Filter>
    </ClInclude>
    <ClInclude Include="src\ManageClientMsgPump.h">
      <Filter>pump</Filter>
    </ClInclude>
    <ClInclude Include="src\ManageVrpublicMsgPump.h">
      <Filter>pump</Filter>
    </ClInclude>
    <ClInclude Include="src\ManageTrMsgPump.h">
      <Filter>pump</Filter>
    </ClInclude>
    <ClInclude Include="src\ManageFriendMsgPump.h">
      <Filter>pump</Filter>
    </ClInclude>
    <ClInclude Include="..\battle_server\tools\ManageDbPing.h">
      <Filter>tools</Filter>
    </ClInclude>
  </ItemGroup>
</Project>