<?xml version="1.0" encoding="utf-8"?>
<Project ToolsVersion="4.0" xmlns="http://schemas.microsoft.com/developer/msbuild/2003">
  <ItemGroup>
    <ClCompile Include="src\AllocGuid.cpp">
      <Filter>src</Filter>
    </ClCompile>
    <ClCompile Include="src\guidsys.cpp">
      <Filter>src</Filter>
    </ClCompile>
    <ClCompile Include="src\ManageConfig.cpp">
      <Filter>src</Filter>
    </ClCompile>
    <ClCompile Include="src\ManageSession.cpp">
      <Filter>src</Filter>
    </ClCompile>
    <ClCompile Include="..\battle_server\tools\Packet_.cpp">
      <Filter>tools</Filter>
    </ClCompile>
    <ClCompile Include="..\battle_server\src\StatCount.cpp">
      <Filter>tools</Filter>
    </ClCompile>
    <ClCompile Include="..\battle_server\src\StatTime.cpp">
      <Filter>tools</Filter>
    </ClCompile>
    <ClCompile Include="..\battle_server\src\Redirect.cpp">
      <Filter>tools</Filter>
    </ClCompile>
  </ItemGroup>
  <ItemGroup>
    <ClInclude Include="src\AllocGuid.h">
      <Filter>src</Filter>
    </ClInclude>
    <ClInclude Include="src\ManageConfig.h">
      <Filter>src</Filter>
    </ClInclude>
    <ClInclude Include="src\ManageSession.h">
      <Filter>src</Filter>
    </ClInclude>
    <ClInclude Include="..\battle_server\tools\Packet_.h">
      <Filter>tools</Filter>
    </ClInclude>
    <ClInclude Include="..\battle_server\protocol\protocol_generated.h">
      <Filter>protocol</Filter>
    </ClInclude>
    <ClInclude Include="..\battle_server\protocol\guid_generated.h">
      <Filter>protocol</Filter>
    </ClInclude>
    <ClInclude Include="..\battle_server\src\Redirect.h">
      <Filter>tools</Filter>
    </ClInclude>
    <ClInclude Include="..\battle_server\src\StatCount.h">
      <Filter>tools</Filter>
    </ClInclude>
    <ClInclude Include="..\battle_server\src\StatTime.h">
      <Filter>tools</Filter>
    </ClInclude>
  </ItemGroup>
  <ItemGroup>
    <Filter Include="tools">
      <UniqueIdentifier>{229eebfe-f491-4304-8844-4042cc814e99}</UniqueIdentifier>
    </Filter>
    <Filter Include="src">
      <UniqueIdentifier>{6bace542-47c1-4c65-ab13-02ac9de908ea}</UniqueIdentifier>
    </Filter>
    <Filter Include="protocol">
      <UniqueIdentifier>{b2daaf89-8e33-4bdb-ade6-4a35f4688a0f}</UniqueIdentifier>
    </Filter>
  </ItemGroup>
</Project>