<?xml version="1.0" encoding="utf-8"?>
<Project ToolsVersion="4.0" xmlns="http://schemas.microsoft.com/developer/msbuild/2003">
  <ItemGroup>
    <Filter Include="TR">
      <UniqueIdentifier>{576e8539-b228-45d9-a154-b234a02e679c}</UniqueIdentifier>
    </Filter>
    <Filter Include="VR">
      <UniqueIdentifier>{204f68a4-6a0b-4651-bebd-0f4bc79ec8a2}</UniqueIdentifier>
    </Filter>
    <Filter Include="proto">
      <UniqueIdentifier>{12a91506-f5bf-4b83-83b2-5baec309f8d3}</UniqueIdentifier>
    </Filter>
  </ItemGroup>
  <ItemGroup>
    <ClInclude Include="..\..\deps\msg_plugins\cpp\msg_demo.pb.h">
      <Filter>proto</Filter>
    </ClInclude>
    <ClInclude Include="..\..\battle_server\protocol\robot_generated.h">
      <Filter>proto</Filter>
    </ClInclude>
    <ClInclude Include="vr\demoSystemVR.h">
      <Filter>VR</Filter>
    </ClInclude>
  </ItemGroup>
  <ItemGroup>
    <ClCompile Include="..\..\deps\msg_plugins\cpp\msg_demo.pb.cc">
      <Filter>proto</Filter>
    </ClCompile>
    <ClCompile Include="vr\demoSystermVR.cpp">
      <Filter>VR</Filter>
    </ClCompile>
  </ItemGroup>
</Project>