<?xml version="1.0" encoding="utf-8"?>
<Project ToolsVersion="4.0" xmlns="http://schemas.microsoft.com/developer/msbuild/2003">
  <ItemGroup>
    <Filter Include="src">
      <UniqueIdentifier>{4FC737F1-C7A5-4376-A066-2A32D752A2FF}</UniqueIdentifier>
      <Extensions>cpp;c;cc;cxx;def;odl;idl;hpj;bat;asm;asmx</Extensions>
    </Filter>
    <Filter Include="client">
      <UniqueIdentifier>{71735a1e-0ae5-4872-97fc-2521b5ce8882}</UniqueIdentifier>
    </Filter>
    <Filter Include="tools">
      <UniqueIdentifier>{27b54dda-af01-416f-a702-90dfad263865}</UniqueIdentifier>
    </Filter>
    <Filter Include="vr">
      <UniqueIdentifier>{a386ba8c-91c9-417c-b9a1-8cee9182760f}</UniqueIdentifier>
    </Filter>
    <Filter Include="db">
      <UniqueIdentifier>{f7352f02-33c4-4218-a49b-f4f9cd76e9b8}</UniqueIdentifier>
    </Filter>
    <Filter Include="guid">
      <UniqueIdentifier>{67409c64-ddeb-44b6-b1b8-e2d6e069edea}</UniqueIdentifier>
    </Filter>
    <Filter Include="server_list">
      <UniqueIdentifier>{419cd036-ef18-4544-919a-685e3b511154}</UniqueIdentifier>
    </Filter>
  </ItemGroup>
  <ItemGroup>
    <ClCompile Include="src\ManagerClientSession.cpp">
      <Filter>client</Filter>
    </ClCompile>
    <ClCompile Include="src\ClientMessageManager.cpp">
      <Filter>client</Filter>
    </ClCompile>
    <ClCompile Include="src\ManageClientPacket.cpp">
      <Filter>client</Filter>
    </ClCompile>
    <ClCompile Include="..\battle_server\tools\Packet_.cpp">
      <Filter>tools</Filter>
    </ClCompile>
    <ClCompile Include="..\battle_server\src\Redirect.cpp">
      <Filter>tools</Filter>
    </ClCompile>
    <ClCompile Include="..\battle_server\src\StatCount.cpp">
      <Filter>tools</Filter>
    </ClCompile>
    <ClCompile Include="..\battle_server\src\StatTime.cpp">
      <Filter>tools</Filter>
    </ClCompile>
    <ClCompile Include="..\battle_server\src\PackMsg.cpp">
      <Filter>tools</Filter>
    </ClCompile>
    <ClCompile Include="..\battle_server\src\ManageStat.cpp">
      <Filter>tools</Filter>
    </ClCompile>
    <ClCompile Include="src\VrPublicConfig.cpp">
      <Filter>src</Filter>
    </ClCompile>
    <ClCompile Include="src\ManageVrSession.cpp">
      <Filter>vr</Filter>
    </ClCompile>
    <ClCompile Include="src\VrMessageManager.cpp">
      <Filter>vr</Filter>
    </ClCompile>
    <ClCompile Include="src\main.cpp">
      <Filter>src</Filter>
    </ClCompile>
    <ClCompile Include="src\ManageAccount.cpp">
      <Filter>db</Filter>
    </ClCompile>
    <ClCompile Include="..\guidsys\inc\MakeGuid.cpp">
      <Filter>guid</Filter>
    </ClCompile>
    <ClCompile Include="src\ManageVrPacket.cpp">
      <Filter>vr</Filter>
    </ClCompile>
    <ClCompile Include="src\ManageServerList.cpp">
      <Filter>server_list</Filter>
    </ClCompile>
    <ClCompile Include="src\ServerInfo.cpp">
      <Filter>server_list</Filter>
    </ClCompile>
    <ClCompile Include="src\Account.cpp">
      <Filter>db</Filter>
    </ClCompile>
    <ClCompile Include="src\MessagePacker.cpp">
      <Filter>client</Filter>
    </ClCompile>
    <ClCompile Include="..\deps\entity\entity\vr\cache_auto_assistant.cpp">
      <Filter>db</Filter>
    </ClCompile>
    <ClCompile Include="..\deps\entity\entity\vr\account.pb.cc">
      <Filter>db</Filter>
    </ClCompile>
    <ClCompile Include="..\battle_server\tools\ManageDbPing.cpp">
      <Filter>tools</Filter>
    </ClCompile>
  </ItemGroup>
  <ItemGroup>
    <ClInclude Include="src\ManageClientPacket.h">
      <Filter>client</Filter>
    </ClInclude>
    <ClInclude Include="src\ManagerClientSession.h">
      <Filter>client</Filter>
    </ClInclude>
    <ClInclude Include="src\ClientMessageManager.h">
      <Filter>client</Filter>
    </ClInclude>
    <ClInclude Include="..\battle_server\tools\Handle.h">
      <Filter>tools</Filter>
    </ClInclude>
    <ClInclude Include="..\battle_server\tools\Packet_.h">
      <Filter>tools</Filter>
    </ClInclude>
    <ClInclude Include="..\battle_server\src\Redirect.h">
      <Filter>tools</Filter>
    </ClInclude>
    <ClInclude Include="..\battle_server\src\StatCount.h">
      <Filter>tools</Filter>
    </ClInclude>
    <ClInclude Include="..\battle_server\src\StatTime.h">
      <Filter>tools</Filter>
    </ClInclude>
    <ClInclude Include="..\battle_server\src\PackMsg.h">
      <Filter>tools</Filter>
    </ClInclude>
    <ClInclude Include="..\battle_server\src\opcode.h">
      <Filter>tools</Filter>
    </ClInclude>
    <ClInclude Include="..\battle_server\src\ManageStat.h">
      <Filter>tools</Filter>
    </ClInclude>
    <ClInclude Include="src\VrPublicConfig.h">
      <Filter>src</Filter>
    </ClInclude>
    <ClInclude Include="src\ManageVrSession.h">
      <Filter>vr</Filter>
    </ClInclude>
    <ClInclude Include="src\VrMessageManager.h">
      <Filter>vr</Filter>
    </ClInclude>
    <ClInclude Include="src\ManageAccount.h">
      <Filter>db</Filter>
    </ClInclude>
    <ClInclude Include="..\guidsys\inc\MakeGuid.h">
      <Filter>guid</Filter>
    </ClInclude>
    <ClInclude Include="src\ManageVrPacket.h">
      <Filter>vr</Filter>
    </ClInclude>
    <ClInclude Include="src\ManageServerList.h">
      <Filter>server_list</Filter>
    </ClInclude>
    <ClInclude Include="src\ServerInfo.h">
      <Filter>server_list</Filter>
    </ClInclude>
    <ClInclude Include="src\Account.h">
      <Filter>db</Filter>
    </ClInclude>
    <ClInclude Include="src\MessagePacker.h">
      <Filter>client</Filter>
    </ClInclude>
    <ClInclude Include="..\deps\entity\entity\vr\cache_auto_assistant.h">
      <Filter>db</Filter>
    </ClInclude>
    <ClInclude Include="..\deps\entity\entity\vr\account.pb.h">
      <Filter>db</Filter>
    </ClInclude>
    <ClInclude Include="..\battle_server\tools\ManageDbPing.h">
      <Filter>tools</Filter>
    </ClInclude>
  </ItemGroup>
</Project>