<?xml version="1.0" encoding="utf-8"?>
<Project ToolsVersion="4.0" xmlns="http://schemas.microsoft.com/developer/msbuild/2003">
  <ItemGroup>
    <Filter Include="Source Files">
      <UniqueIdentifier>{4FC737F1-C7A5-4376-A066-2A32D752A2FF}</UniqueIdentifier>
      <Extensions>cpp;c;cc;cxx;def;odl;idl;hpj;bat;asm;asmx</Extensions>
    </Filter>
    <Filter Include="Header Files">
      <UniqueIdentifier>{93995380-89BD-4b04-88EB-625FBE52EBFB}</UniqueIdentifier>
      <Extensions>h;hh;hpp;hxx;hm;inl;inc;xsd</Extensions>
    </Filter>
    <Filter Include="Header Files\Resource Files">
      <UniqueIdentifier>{67DA6AB6-F800-4c08-8B7A-83BB121AAD01}</UniqueIdentifier>
      <Extensions>rc;ico;cur;bmp;dlg;rc2;rct;bin;rgs;gif;jpg;jpeg;jpe;resx;tiff;tif;png;wav;mfcribbon-ms</Extensions>
    </Filter>
    <Filter Include="tools">
      <UniqueIdentifier>{3d4edd57-5078-46d5-9bc3-e39e0c6539b0}</UniqueIdentifier>
    </Filter>
    <Filter Include="src">
      <UniqueIdentifier>{bff66181-385a-44d3-9f9b-7801d6c4dd64}</UniqueIdentifier>
    </Filter>
    <Filter Include="Manager">
      <UniqueIdentifier>{c0f67b5c-9dd3-4663-a7ed-70bf60147173}</UniqueIdentifier>
    </Filter>
    <Filter Include="Model">
      <UniqueIdentifier>{7748de9d-39b2-4204-a555-a98984b91303}</UniqueIdentifier>
    </Filter>
  </ItemGroup>
  <ItemGroup>
    <Text Include="ReadMe.txt" />
  </ItemGroup>
  <ItemGroup>
    <ClCompile Include="..\battle_server\tools\MessagePumpImp.cpp">
      <Filter>tools</Filter>
    </ClCompile>
    <ClCompile Include="..\battle_server\tools\Packet.cpp">
      <Filter>tools</Filter>
    </ClCompile>
    <ClCompile Include="..\battle_server\tools\Packet_.cpp">
      <Filter>tools</Filter>
    </ClCompile>
    <ClCompile Include="..\battle_server\tools\PacketHandle.cpp">
      <Filter>tools</Filter>
    </ClCompile>
    <ClCompile Include="..\battle_server\tools\Singleton.cpp">
      <Filter>tools</Filter>
    </ClCompile>
    <ClCompile Include="..\battle_server\tools\ManageSingleton.cpp">
      <Filter>tools</Filter>
    </ClCompile>
    <ClCompile Include="..\battle_server\tools\MessagePump.cpp">
      <Filter>tools</Filter>
    </ClCompile>
    <ClCompile Include="src\ManageVrSession.cpp">
      <Filter>src</Filter>
    </ClCompile>
    <ClCompile Include="src\FriendConfig.cpp">
      <Filter>src</Filter>
    </ClCompile>
    <ClCompile Include="src\friend_server.cpp">
      <Filter>src</Filter>
    </ClCompile>
    <ClCompile Include="src\ManageDB.cpp">
      <Filter>Manager</Filter>
    </ClCompile>
    <ClCompile Include="src\MessageMaker.cpp">
      <Filter>tools</Filter>
    </ClCompile>
    <ClCompile Include="src\Summoner.cpp">
      <Filter>Model</Filter>
    </ClCompile>
    <ClCompile Include="src\ManageSummoner.cpp">
      <Filter>Manager</Filter>
    </ClCompile>
    <ClCompile Include="..\deps\entity\entity\vr\cache_auto_assistant.cpp">
      <Filter>Model</Filter>
    </ClCompile>
    <ClCompile Include="..\deps\entity\entity\vr\account.pb.cc">
      <Filter>Model</Filter>
    </ClCompile>
  </ItemGroup>
  <ItemGroup>
    <ClInclude Include="..\battle_server\tools\MessagePumpImp.h">
      <Filter>tools</Filter>
    </ClInclude>
    <ClInclude Include="..\battle_server\tools\MyGuidDef.h">
      <Filter>tools</Filter>
    </ClInclude>
    <ClInclude Include="..\battle_server\tools\Packet.h">
      <Filter>tools</Filter>
    </ClInclude>
    <ClInclude Include="..\battle_server\tools\Packet_.h">
      <Filter>tools</Filter>
    </ClInclude>
    <ClInclude Include="..\battle_server\tools\PacketHandle.h">
      <Filter>tools</Filter>
    </ClInclude>
    <ClInclude Include="..\battle_server\tools\Singleton.h">
      <Filter>tools</Filter>
    </ClInclude>
    <ClInclude Include="..\battle_server\tools\BattleLog.h">
      <Filter>tools</Filter>
    </ClInclude>
    <ClInclude Include="..\battle_server\tools\Handle.h">
      <Filter>tools</Filter>
    </ClInclude>
    <ClInclude Include="..\battle_server\tools\ManageSingleton.h">
      <Filter>tools</Filter>
    </ClInclude>
    <ClInclude Include="..\battle_server\tools\ManageState.h">
      <Filter>tools</Filter>
    </ClInclude>
    <ClInclude Include="..\battle_server\tools\MessagePump.h">
      <Filter>tools</Filter>
    </ClInclude>
    <ClInclude Include="src\ManageVrSession.h">
      <Filter>src</Filter>
    </ClInclude>
    <ClInclude Include="src\FriendConfig.h">
      <Filter>src</Filter>
    </ClInclude>
    <ClInclude Include="src\ManageDB.h">
      <Filter>Manager</Filter>
    </ClInclude>
    <ClInclude Include="src\MessageMaker.h">
      <Filter>tools</Filter>
    </ClInclude>
    <ClInclude Include="src\common_define.h">
      <Filter>src</Filter>
    </ClInclude>
    <ClInclude Include="src\Summoner.h">
      <Filter>Model</Filter>
    </ClInclude>
    <ClInclude Include="src\ManageSummoner.h">
      <Filter>Manager</Filter>
    </ClInclude>
    <ClInclude Include="..\deps\entity\entity\vr\account.pb.h">
      <Filter>Model</Filter>
    </ClInclude>
    <ClInclude Include="..\deps\entity\entity\vr\cache_auto_assistant.h">
      <Filter>Model</Filter>
    </ClInclude>
  </ItemGroup>
</Project>